
Microsoft Visual Studio Solution File, Format Version 12.00
# Visual Studio Version 16
VisualStudioVersion = 16.0.30621.155
MinimumVisualStudioVersion = 10.0.40219.1
Project("{FAE04EC0-301F-11D3-BF4B-00C04F79EFBC}") = "CameraHackTool", "CameraHackTool\CameraHackTool.csproj", "{53D27D62-A974-408A-953D-9C20159B8C41}"
EndProject
Global
	GlobalSection(SolutionConfigurationPlatforms) = preSolution
		Debug|x64 = Debug|x64
		Release|x64 = Release|x64
		ReleaseDeploy|x64 = ReleaseDeploy|x64
	EndGlobalSection
	GlobalSection(ProjectConfigurationPlatforms) = postSolution
		{53D27D62-A974-408A-953D-9C20159B8C41}.Debug|x64.ActiveCfg = Debug|x64
		{53D27D62-A974-408A-953D-9C20159B8C41}.Debug|x64.Build.0 = Debug|x64
		{53D27D62-A974-408A-953D-9C20159B8C41}.Release|x64.ActiveCfg = Release|x64
		{53D27D62-A974-408A-953D-9C20159B8C41}.Release|x64.Build.0 = Release|x64
		{53D27D62-A974-408A-953D-9C20159B8C41}.ReleaseDeploy|x64.ActiveCfg = Release|x64
		{53D27D62-A974-408A-953D-9C20159B8C41}.ReleaseDeploy|x64.Build.0 = Release|x64
	EndGlobalSection
	GlobalSection(SolutionProperties) = preSolution
		HideSolutionNode = FALSE
	EndGlobalSection
	GlobalSection(ExtensibilityGlobals) = postSolution
		SolutionGuid = {9DBFF725-8D7A-4170-8D47-0594E2254EE6}
	EndGlobalSection
EndGlobal
