
Microsoft Visual Studio Solution File, Format Version 12.00
# Visual Studio Version 16
VisualStudioVersion = 16.0.30621.155
MinimumVisualStudioVersion = 10.0.40219.1
Project("{FAE04EC0-301F-11D3-BF4B-00C04F79EFBC}") = "CameraHackTool", "CameraHackTool\CameraHackTool.csproj", "{53D27D62-A974-408A-953D-9C20159B8C41}"
EndProject
Global
	GlobalSection(SolutionConfigurationPlatforms) = preSolution
		Debug|Any CPU = Debug|Any CPU
		Debug|x86 = Debug|x86
		Release|Any CPU = Release|Any CPU
		Release|x86 = Release|x86
		ReleaseDeploy|Any CPU = ReleaseDeploy|Any CPU
		ReleaseDeploy|x86 = ReleaseDeploy|x86
	EndGlobalSection
	GlobalSection(ProjectConfigurationPlatforms) = postSolution
		{53D27D62-A974-408A-953D-9C20159B8C41}.Debug|Any CPU.ActiveCfg = Debug|Any CPU
		{53D27D62-A974-408A-953D-9C20159B8C41}.Debug|Any CPU.Build.0 = Debug|Any CPU
		{53D27D62-A974-408A-953D-9C20159B8C41}.Debug|x86.ActiveCfg = Debug|Any CPU
		{53D27D62-A974-408A-953D-9C20159B8C41}.Debug|x86.Build.0 = Debug|Any CPU
		{53D27D62-A974-408A-953D-9C20159B8C41}.Release|Any CPU.ActiveCfg = Release|Any CPU
		{53D27D62-A974-408A-953D-9C20159B8C41}.Release|Any CPU.Build.0 = Release|Any CPU
		{53D27D62-A974-408A-953D-9C20159B8C41}.Release|x86.ActiveCfg = Release|Any CPU
		{53D27D62-A974-408A-953D-9C20159B8C41}.Release|x86.Build.0 = Release|Any CPU
		{53D27D62-A974-408A-953D-9C20159B8C41}.ReleaseDeploy|Any CPU.ActiveCfg = Release|Any CPU
		{53D27D62-A974-408A-953D-9C20159B8C41}.ReleaseDeploy|Any CPU.Build.0 = Release|Any CPU
		{53D27D62-A974-408A-953D-9C20159B8C41}.ReleaseDeploy|x86.ActiveCfg = Release|Any CPU
		{53D27D62-A974-408A-953D-9C20159B8C41}.ReleaseDeploy|x86.Build.0 = Release|Any CPU
	EndGlobalSection
	GlobalSection(SolutionProperties) = preSolution
		HideSolutionNode = FALSE
	EndGlobalSection
	GlobalSection(ExtensibilityGlobals) = postSolution
		SolutionGuid = {9DBFF725-8D7A-4170-8D47-0594E2254EE6}
	EndGlobalSection
EndGlobal
